
Microsoft Visual Studio Solution File, Format Version 12.00
# Visual Studio Version 17
VisualStudioVersion = 17.1.32407.343
MinimumVisualStudioVersion = 10.0.40219.1
Project("{9A19103F-16F7-4668-BE54-9A1E7A4F7556}") = "Orion.Mining", "Orion.Mining\Orion.Mining.csproj", "{2B5BFE79-A7C3-48BD-9953-1B2D9B03DAEF}"
EndProject
Project("{FAE04EC0-301F-11D3-BF4B-00C04F79EFBC}") = "Orion.Mining.Tests", "Orion.Mining.Tests\Orion.Mining.Tests.csproj", "{59275C14-74E0-462F-A8CF-7AC383839D39}"
EndProject
Global
	GlobalSection(SolutionConfigurationPlatforms) = preSolution
		Debug|Any CPU = Debug|Any CPU
		Release|Any CPU = Release|Any CPU
	EndGlobalSection
	GlobalSection(ProjectConfigurationPlatforms) = postSolution
		{2B5BFE79-A7C3-48BD-9953-1B2D9B03DAEF}.Debug|Any CPU.ActiveCfg = Debug|Any CPU
		{2B5BFE79-A7C3-48BD-9953-1B2D9B03DAEF}.Debug|Any CPU.Build.0 = Debug|Any CPU
		{2B5BFE79-A7C3-48BD-9953-1B2D9B03DAEF}.Release|Any CPU.ActiveCfg = Release|Any CPU
		{2B5BFE79-A7C3-48BD-9953-1B2D9B03DAEF}.Release|Any CPU.Build.0 = Release|Any CPU
		{59275C14-74E0-462F-A8CF-7AC383839D39}.Debug|Any CPU.ActiveCfg = Debug|Any CPU
		{59275C14-74E0-462F-A8CF-7AC383839D39}.Debug|Any CPU.Build.0 = Debug|Any CPU
		{59275C14-74E0-462F-A8CF-7AC383839D39}.Release|Any CPU.ActiveCfg = Release|Any CPU
		{59275C14-74E0-462F-A8CF-7AC383839D39}.Release|Any CPU.Build.0 = Release|Any CPU
	EndGlobalSection
	GlobalSection(SolutionProperties) = preSolution
		HideSolutionNode = FALSE
	EndGlobalSection
	GlobalSection(ExtensibilityGlobals) = postSolution
		SolutionGuid = {F6531462-AF3E-43E0-94D2-B0627B0A173E}
	EndGlobalSection
EndGlobal
